
Microsoft Visual Studio Solution File, Format Version 10.00
# Visual Studio 2008
Project("{8BC9CEB8-8B4A-11D0-8D11-00A0C91BC942}") = "Scope", "Scope.vcproj", "{90321BAF-BFFB-4B98-BE78-8A99898AB00E}"
EndProject
Global
	GlobalSection(SolutionConfigurationPlatforms) = preSolution
		Debug|Win32 = Debug|Win32
		Release|Win32 = Release|Win32
	EndGlobalSection
	GlobalSection(ProjectConfigurationPlatforms) = postSolution
		{90321BAF-BFFB-4B98-BE78-8A99898AB00E}.Debug|Win32.ActiveCfg = Debug|Win32
		{90321BAF-BFFB-4B98-BE78-8A99898AB00E}.Debug|Win32.Build.0 = Debug|Win32
		{90321BAF-BFFB-4B98-BE78-8A99898AB00E}.Release|Win32.ActiveCfg = Release|Win32
		{90321BAF-BFFB-4B98-BE78-8A99898AB00E}.Release|Win32.Build.0 = Release|Win32
	EndGlobalSection
	GlobalSection(SolutionProperties) = preSolution
		HideSolutionNode = FALSE
	EndGlobalSection
EndGlobal
